
Microsoft Visual Studio Solution File, Format Version 12.00
# Visual Studio Version 17
VisualStudioVersion = 17.2.32505.173
MinimumVisualStudioVersion = 10.0.40219.1
Project("{2150E333-8FDC-42A3-9474-1A3956D46DE8}") = "src", "src", "{C20C0657-E1F4-4F67-B54D-A9C385088F2C}"
EndProject
Project("{2150E333-8FDC-42A3-9474-1A3956D46DE8}") = "Web", "Web", "{E73DFA05-2760-4924-93F6-D9C359408133}"
EndProject
Project("{2150E333-8FDC-42A3-9474-1A3956D46DE8}") = "Building Bloks", "Building Bloks", "{6B2161BC-8ABF-4A93-82A3-472685971871}"
EndProject
Project("{2150E333-8FDC-42A3-9474-1A3956D46DE8}") = "Services", "Services", "{A9357108-FEE5-43B1-B72E-314CBE3EBA7C}"
EndProject
Project("{2150E333-8FDC-42A3-9474-1A3956D46DE8}") = "Carrinho", "Carrinho", "{30D10F77-9437-462D-B952-53E0853753A4}"
EndProject
Project("{2150E333-8FDC-42A3-9474-1A3956D46DE8}") = "Catalogo", "Catalogo", "{89CEC64A-2BC2-47FB-B359-E220D6200EB4}"
EndProject
Project("{2150E333-8FDC-42A3-9474-1A3956D46DE8}") = "Cliente", "Cliente", "{0ABB0515-AA7C-401C-B440-B37D33C46B4B}"
EndProject
Project("{2150E333-8FDC-42A3-9474-1A3956D46DE8}") = "Identidade", "Identidade", "{2C1D39EC-D788-41B1-92EC-9BEDA2EC2BE3}"
EndProject
Project("{2150E333-8FDC-42A3-9474-1A3956D46DE8}") = "Pagamento", "Pagamento", "{BDFD4131-3507-4455-84B3-39232AF5D4EE}"
EndProject
Project("{2150E333-8FDC-42A3-9474-1A3956D46DE8}") = "Pedido", "Pedido", "{5539154B-BACC-4252-AB26-9CEB6F1FEEC7}"
EndProject
Project("{2150E333-8FDC-42A3-9474-1A3956D46DE8}") = "MVC", "MVC", "{D4759424-2FE5-4CED-B2EE-E6FC20587729}"
EndProject
Project("{2150E333-8FDC-42A3-9474-1A3956D46DE8}") = "Core", "Core", "{B508876E-CAB5-4BAD-BC2C-23576E885DD6}"
EndProject
Project("{FAE04EC0-301F-11D3-BF4B-00C04F79EFBC}") = "SE.Carrinho.API", "src\services\SE.Carrinho.API\SE.Carrinho.API.csproj", "{522BC032-63A3-4554-8FAE-5B04F5B1C01A}"
EndProject
Project("{FAE04EC0-301F-11D3-BF4B-00C04F79EFBC}") = "SE.Catalogo.API", "src\services\SE.Catalogo.API\SE.Catalogo.API.csproj", "{BB15054D-90DF-4BA9-9F29-A85DFA2AB494}"
EndProject
Project("{FAE04EC0-301F-11D3-BF4B-00C04F79EFBC}") = "SE.Cliente.API", "src\services\SE.Cliente.API\SE.Cliente.API.csproj", "{A1B3E10A-1B45-454B-9542-F062177C0A1D}"
EndProject
Project("{FAE04EC0-301F-11D3-BF4B-00C04F79EFBC}") = "SE.Identidade.API", "src\services\SE.Identidade.API\SE.Identidade.API.csproj", "{DDCDBEED-6BC1-40E8-AABE-84D09E820879}"
EndProject
Project("{FAE04EC0-301F-11D3-BF4B-00C04F79EFBC}") = "SE.Pagamento.API", "src\services\SE.Pagamento.API\SE.Pagamento.API.csproj", "{B77FA1B7-B3FF-4540-871D-8ADAC64626A3}"
EndProject
Project("{FAE04EC0-301F-11D3-BF4B-00C04F79EFBC}") = "SE.Pedido.API", "src\services\SE.Pedido.API\SE.Pedido.API.csproj", "{9D3AD839-B2F9-4C7D-8FF4-B04984D33AD9}"
EndProject
Project("{FAE04EC0-301F-11D3-BF4B-00C04F79EFBC}") = "SE.WebApp.MVC", "src\web\SE.WebApp.MVC\SE.WebApp.MVC.csproj", "{1CC23B00-D182-4E2E-A2B0-492AB67E9457}"
EndProject
Project("{FAE04EC0-301F-11D3-BF4B-00C04F79EFBC}") = "SE.Core", "src\building blocks\SE.Core\SE.Core.csproj", "{C8028EAF-7A2A-4250-ABE7-D257F0458BAD}"
EndProject
Global
	GlobalSection(SolutionConfigurationPlatforms) = preSolution
		Debug|Any CPU = Debug|Any CPU
		Release|Any CPU = Release|Any CPU
	EndGlobalSection
	GlobalSection(ProjectConfigurationPlatforms) = postSolution
		{522BC032-63A3-4554-8FAE-5B04F5B1C01A}.Debug|Any CPU.ActiveCfg = Debug|Any CPU
		{522BC032-63A3-4554-8FAE-5B04F5B1C01A}.Debug|Any CPU.Build.0 = Debug|Any CPU
		{522BC032-63A3-4554-8FAE-5B04F5B1C01A}.Release|Any CPU.ActiveCfg = Release|Any CPU
		{522BC032-63A3-4554-8FAE-5B04F5B1C01A}.Release|Any CPU.Build.0 = Release|Any CPU
		{BB15054D-90DF-4BA9-9F29-A85DFA2AB494}.Debug|Any CPU.ActiveCfg = Debug|Any CPU
		{BB15054D-90DF-4BA9-9F29-A85DFA2AB494}.Debug|Any CPU.Build.0 = Debug|Any CPU
		{BB15054D-90DF-4BA9-9F29-A85DFA2AB494}.Release|Any CPU.ActiveCfg = Release|Any CPU
		{BB15054D-90DF-4BA9-9F29-A85DFA2AB494}.Release|Any CPU.Build.0 = Release|Any CPU
		{A1B3E10A-1B45-454B-9542-F062177C0A1D}.Debug|Any CPU.ActiveCfg = Debug|Any CPU
		{A1B3E10A-1B45-454B-9542-F062177C0A1D}.Debug|Any CPU.Build.0 = Debug|Any CPU
		{A1B3E10A-1B45-454B-9542-F062177C0A1D}.Release|Any CPU.ActiveCfg = Release|Any CPU
		{A1B3E10A-1B45-454B-9542-F062177C0A1D}.Release|Any CPU.Build.0 = Release|Any CPU
		{DDCDBEED-6BC1-40E8-AABE-84D09E820879}.Debug|Any CPU.ActiveCfg = Debug|Any CPU
		{DDCDBEED-6BC1-40E8-AABE-84D09E820879}.Debug|Any CPU.Build.0 = Debug|Any CPU
		{DDCDBEED-6BC1-40E8-AABE-84D09E820879}.Release|Any CPU.ActiveCfg = Release|Any CPU
		{DDCDBEED-6BC1-40E8-AABE-84D09E820879}.Release|Any CPU.Build.0 = Release|Any CPU
		{B77FA1B7-B3FF-4540-871D-8ADAC64626A3}.Debug|Any CPU.ActiveCfg = Debug|Any CPU
		{B77FA1B7-B3FF-4540-871D-8ADAC64626A3}.Debug|Any CPU.Build.0 = Debug|Any CPU
		{B77FA1B7-B3FF-4540-871D-8ADAC64626A3}.Release|Any CPU.ActiveCfg = Release|Any CPU
		{B77FA1B7-B3FF-4540-871D-8ADAC64626A3}.Release|Any CPU.Build.0 = Release|Any CPU
		{9D3AD839-B2F9-4C7D-8FF4-B04984D33AD9}.Debug|Any CPU.ActiveCfg = Debug|Any CPU
		{9D3AD839-B2F9-4C7D-8FF4-B04984D33AD9}.Debug|Any CPU.Build.0 = Debug|Any CPU
		{9D3AD839-B2F9-4C7D-8FF4-B04984D33AD9}.Release|Any CPU.ActiveCfg = Release|Any CPU
		{9D3AD839-B2F9-4C7D-8FF4-B04984D33AD9}.Release|Any CPU.Build.0 = Release|Any CPU
		{1CC23B00-D182-4E2E-A2B0-492AB67E9457}.Debug|Any CPU.ActiveCfg = Debug|Any CPU
		{1CC23B00-D182-4E2E-A2B0-492AB67E9457}.Debug|Any CPU.Build.0 = Debug|Any CPU
		{1CC23B00-D182-4E2E-A2B0-492AB67E9457}.Release|Any CPU.ActiveCfg = Release|Any CPU
		{1CC23B00-D182-4E2E-A2B0-492AB67E9457}.Release|Any CPU.Build.0 = Release|Any CPU
		{C8028EAF-7A2A-4250-ABE7-D257F0458BAD}.Debug|Any CPU.ActiveCfg = Debug|Any CPU
		{C8028EAF-7A2A-4250-ABE7-D257F0458BAD}.Debug|Any CPU.Build.0 = Debug|Any CPU
		{C8028EAF-7A2A-4250-ABE7-D257F0458BAD}.Release|Any CPU.ActiveCfg = Release|Any CPU
		{C8028EAF-7A2A-4250-ABE7-D257F0458BAD}.Release|Any CPU.Build.0 = Release|Any CPU
	EndGlobalSection
	GlobalSection(SolutionProperties) = preSolution
		HideSolutionNode = FALSE
	EndGlobalSection
	GlobalSection(NestedProjects) = preSolution
		{E73DFA05-2760-4924-93F6-D9C359408133} = {C20C0657-E1F4-4F67-B54D-A9C385088F2C}
		{6B2161BC-8ABF-4A93-82A3-472685971871} = {C20C0657-E1F4-4F67-B54D-A9C385088F2C}
		{A9357108-FEE5-43B1-B72E-314CBE3EBA7C} = {C20C0657-E1F4-4F67-B54D-A9C385088F2C}
		{30D10F77-9437-462D-B952-53E0853753A4} = {A9357108-FEE5-43B1-B72E-314CBE3EBA7C}
		{89CEC64A-2BC2-47FB-B359-E220D6200EB4} = {A9357108-FEE5-43B1-B72E-314CBE3EBA7C}
		{0ABB0515-AA7C-401C-B440-B37D33C46B4B} = {A9357108-FEE5-43B1-B72E-314CBE3EBA7C}
		{2C1D39EC-D788-41B1-92EC-9BEDA2EC2BE3} = {A9357108-FEE5-43B1-B72E-314CBE3EBA7C}
		{BDFD4131-3507-4455-84B3-39232AF5D4EE} = {A9357108-FEE5-43B1-B72E-314CBE3EBA7C}
		{5539154B-BACC-4252-AB26-9CEB6F1FEEC7} = {A9357108-FEE5-43B1-B72E-314CBE3EBA7C}
		{D4759424-2FE5-4CED-B2EE-E6FC20587729} = {E73DFA05-2760-4924-93F6-D9C359408133}
		{B508876E-CAB5-4BAD-BC2C-23576E885DD6} = {6B2161BC-8ABF-4A93-82A3-472685971871}
		{522BC032-63A3-4554-8FAE-5B04F5B1C01A} = {30D10F77-9437-462D-B952-53E0853753A4}
		{BB15054D-90DF-4BA9-9F29-A85DFA2AB494} = {89CEC64A-2BC2-47FB-B359-E220D6200EB4}
		{A1B3E10A-1B45-454B-9542-F062177C0A1D} = {0ABB0515-AA7C-401C-B440-B37D33C46B4B}
		{DDCDBEED-6BC1-40E8-AABE-84D09E820879} = {2C1D39EC-D788-41B1-92EC-9BEDA2EC2BE3}
		{B77FA1B7-B3FF-4540-871D-8ADAC64626A3} = {BDFD4131-3507-4455-84B3-39232AF5D4EE}
		{9D3AD839-B2F9-4C7D-8FF4-B04984D33AD9} = {5539154B-BACC-4252-AB26-9CEB6F1FEEC7}
		{1CC23B00-D182-4E2E-A2B0-492AB67E9457} = {D4759424-2FE5-4CED-B2EE-E6FC20587729}
		{C8028EAF-7A2A-4250-ABE7-D257F0458BAD} = {B508876E-CAB5-4BAD-BC2C-23576E885DD6}
	EndGlobalSection
	GlobalSection(ExtensibilityGlobals) = postSolution
		SolutionGuid = {B4AE4560-751B-445D-B221-D9E71FEE0E57}
	EndGlobalSection
EndGlobal
